
Microsoft Visual Studio Solution File, Format Version 12.00
# Visual Studio Version 17
VisualStudioVersion = 17.1.32210.238
MinimumVisualStudioVersion = 10.0.40219.1
Project("{FAE04EC0-301F-11D3-BF4B-00C04F79EFBC}") = "WinFormsApp1", "WinFormsApp1\WinFormsApp1.csproj", "{11642715-F7C1-4DD5-926D-4B320CE55217}"
EndProject
Global
	GlobalSection(SolutionConfigurationPlatforms) = preSolution
		Debug|Any CPU = Debug|Any CPU
		Release|Any CPU = Release|Any CPU
	EndGlobalSection
	GlobalSection(ProjectConfigurationPlatforms) = postSolution
		{11642715-F7C1-4DD5-926D-4B320CE55217}.Debug|Any CPU.ActiveCfg = Debug|Any CPU
		{11642715-F7C1-4DD5-926D-4B320CE55217}.Debug|Any CPU.Build.0 = Debug|Any CPU
		{11642715-F7C1-4DD5-926D-4B320CE55217}.Release|Any CPU.ActiveCfg = Release|Any CPU
		{11642715-F7C1-4DD5-926D-4B320CE55217}.Release|Any CPU.Build.0 = Release|Any CPU
	EndGlobalSection
	GlobalSection(SolutionProperties) = preSolution
		HideSolutionNode = FALSE
	EndGlobalSection
	GlobalSection(ExtensibilityGlobals) = postSolution
		SolutionGuid = {0ADA28BD-808D-49D5-A4DF-99B995C9D22F}
	EndGlobalSection
EndGlobal
